version: 1
files:
  dictionaries/en.json:
    example\.com.home.meta.title: ffb74a0d16976ab364552565df32e0c3
    example\.com.home.meta.description: acb0d8bdb32aaac7bb9e2bd4d4a2b7fd
    dogecoin\.org.home.meta.title: 603fec64825370eeb947ff7364873330
    dogecoin\.org.home.meta.description: 91041388cd527c3e8b4cc019933f5f4b
    dogecoin\.org.home.hero.title: 51a1040ca74d2f23a82ab9b2bae43190
    dogecoin\.org.home.hero.subtitle: 38bd01e5e83e1871245c68ea4ca0dae8
    dogecoin\.org.home.hero.tagline: 2cc8e3813b1976b05e3fb99d735d4f54
    dogecoin\.org.home.sections.activity.title: db40c31c2fd1752a8e03e3c51cc47ab3
    dogecoin\.org.home.sections.activity.gigawallet.title: 413dd35621c3e1b4435721b4ffbf6105
    dogecoin\.org.home.sections.activity.gigawallet.subtitle: b4c30a003dc581b4a51c68187706a021
    dogecoin\.org.home.sections.activity.gigawallet.text: 55d7cafc1e8c3e41ab7b78079ec940b3
    dogecoin\.org.home.sections.activity.gigawallet.primaryText: 801ab24683a4a8c433c6eb40c48bcd9d
    dogecoin\.org.home.sections.activity.gigawallet.secondaryText: f5395c9793af8a11b406ca7c1ac70da9
    dogecoin\.org.home.sections.activity.core.title: c41c828be5bc20487dfc20665c8764f3
    dogecoin\.org.home.sections.activity.core.subtitle: b4c30a003dc581b4a51c68187706a021
    dogecoin\.org.home.sections.activity.core.text: 697c1891d46e9232ade4036de0d1daf7
    dogecoin\.org.home.sections.activity.core.primaryText: 801ab24683a4a8c433c6eb40c48bcd9d
    dogecoin\.org.home.sections.activity.core.secondaryText: f5395c9793af8a11b406ca7c1ac70da9
    dogecoin\.org.home.sections.activity.teamseas.title: 9ee5eb3ce14674ee448437f6a914426e
    dogecoin\.org.home.sections.activity.teamseas.subtitle: dd3bcbf4825a8959e93afb68c74d5911
    dogecoin\.org.home.sections.activity.teamseas.text: eafcb955e6ed0d4ebff60779a9460851
    dogecoin\.org.home.sections.activity.teamseas.primaryText: a4cde51d9ddf63c4232613ccf1d0079b
    dogecoin\.org.home.sections.activity.teamseas.secondaryText: 2f5960c3568fb28871b6052497015b4e
    dogecoin\.org.home.sections.activity.teamseas.keyPoints[0]: e5ed2e94585f65bcdf9d920af018142f
    dogecoin\.org.home.sections.activity.teamseas.keyPoints[1]: 261da7b320911392485690dc93975f7d
    dogecoin\.org.home.sections.activity.teamseas.keyPoints[2]: 14fe30155e4bb9b61f69246cdaab861d
    dogecoin\.org.home.sections.activity.teamseas.keyPoints[3]: f3301407ae9fdae0e1852052a09540a5
    dogecoin\.org.home.sections.activity.kabosu.title: 0081c508fdc17ebb05f2d15151224d26
    dogecoin\.org.home.sections.activity.kabosu.subtitle: ed16f4d69a58723dbe5d7937de576316
    dogecoin\.org.home.sections.activity.kabosu.text: 3a8233263c823720ebb381500ddda07d
    dogecoin\.org.home.sections.activity.kabosu.primaryText: eae42dd756cba8923260377de929c249
    dogecoin\.org.home.sections.activity.kabosu.keyPoints[0]: bea7420146ca55ef1ed116cf0c9ef41a
    dogecoin\.org.home.sections.activity.kabosu.keyPoints[1]: b1de3a6866133bfe9ad6e489f5cbec25
    dogecoin\.org.home.sections.activity.kabosu.keyPoints[2]: a64f88941d981c8ccc870728cf51c8ae
    dogecoin\.org.home.sections.activity.kabosu.keyPoints[3]: 70449fc5a16eabca136c7ad9c4911ad6
    dogecoin\.org.home.sections.donation.title: 32f47cc038bb59f054cb534d15473f0c
    dogecoin\.org.home.sections.donation.description: 15fc73ec8cbe0359d7db97bcc58346bd
    dogecoin\.org.home.sections.donation.whyDonate.title: 469f98cd50ac539a8e2523a07964a08c
    dogecoin\.org.home.sections.donation.whyDonate.reasons.development.title: 330f49df8243756a8a4dc7f7f7ee6dfe
    dogecoin\.org.home.sections.donation.whyDonate.reasons.development.text: 6f80dbdd7ab811ca0297d32355b422f7
    dogecoin\.org.home.sections.donation.whyDonate.reasons.community.title: e19f1a8b292b75d234dd1578a259fbc4
    dogecoin\.org.home.sections.donation.whyDonate.reasons.community.text: 3af15176827ae99a829e73aaf0bc0720
    dogecoin\.org.home.sections.donation.whyDonate.reasons.education.title: b950ae01ea780a3b460db96c53bd69ac
    dogecoin\.org.home.sections.donation.whyDonate.reasons.education.text: 2bbd34568c8c148e1933be23e4ae440f
    dogecoin\.org.home.sections.donation.steps.select: 4e1c44c47fabf5df56890749374ac806
    dogecoin\.org.home.sections.donation.steps.scan: 26bf25b1003f66d25999c49608cd8819
    dogecoin\.org.home.sections.donation.steps.walletAddress: b626fd9adcfe9445b136d23bb69b31fb
    dogecoin\.org.home.sections.donation.buttons.69.quote: 529ca8050a00180790cf88b63468826a
    dogecoin\.org.home.sections.donation.buttons.1337.quote: bf6dbf99c4eae6e078be4f092ea737aa
    dogecoin\.org.home.sections.donation.buttons.9999.quote: 98ab3f1e2c39029b7085de4d2960f6bf
    dogecoin\.org.home.sections.donation.buttons.custom.validationError: 5110aab1c73b71926d8795786d4806cd
    dogecoin\.org.home.sections.donation.copy.button: 5fb63579fc981698f97d55bfecb213ea
    dogecoin\.org.home.sections.donation.copy.success: 6d6db52799620de23c1e87d00abde8c4
    dogecoin\.org.home.sections.members.title: a9edb091a5718797a2020b2db7ce8c37
    dogecoin\.org.home.sections.members.description: 81ab512b9c808624449b9976bf4d83b8
    dogecoin\.org.home.sections.members.profiles.donna.description: 02cd0f3f779f7d749c075e44f75158a1
    dogecoin\.org.home.sections.members.profiles.dereck.description: 3a0986c81bf1189b608b1523a2bc14de
    dogecoin\.org.home.sections.members.profiles.david.description: 10dac2c81c46a64d3932182ec0508d18
    dogecoin\.org.home.sections.members.profiles.debbie.description: df26e39baf0d59281bdb1f4fcae465ce
    dogecoin\.org.home.sections.members.profiles.dick.description: 7b3e41be30ccee13938e191f446836c0
    dogecoin\.org.home.sections.members.profiles.erick.description: 973d320e393761b1f959107f75c1dd23
    dogecoin\.org.home.sections.partners.title: 8a669a84fd1b5340e2b6da485637a73d
    dogecoin\.org.home.sections.partners.description: ce40d4691465c127493da7b85d72b6f7
    dogecoin\.org.home.sections.partners.houseOfDoge.name: 53fa3b800d9cf53553e07a0693d0f2ca
    dogecoin\.org.home.sections.partners.houseOfDoge.description: add6ae4f37b1f61adc3ff918fc30505a
    dogecoin\.org.home.sections.partners.houseOfDoge.buttonText: 84c399d276fb812562c9cb5a87f2edf8
    dogecoin\.org.home.footer.description: e0089005ad3f81ceb06c355bad14f815
    dogecoin\.org.home.footer.sections.main.title: a02c83a7dbd96295beaefb72c2bee2de
    dogecoin\.org.home.footer.sections.main.links.home: 8cf04a9734132302f96da8e113e80ce5
    dogecoin\.org.home.footer.sections.main.links.about: 8f7f4c1ce7a4f933663d10543562b096
    dogecoin\.org.home.footer.sections.main.links.news: 10fb1f068231bffb4408bcd20efd3fcb
    dogecoin\.org.home.footer.sections.social.title: f431e17ea0081a3c9e51fc240221ee21
    dogecoin\.org.home.footer.sections.social.links.x: 02129bb861061d1a052c592e2dc6b383
    dogecoin\.org.home.footer.sections.social.links.github: e1adbcbb92c622d0b3e619f9d0730abf
    dogecoin\.org.home.footer.sections.social.links.discord: 8f5cc6430613f1c12f36965050bb7197
    dogecoin\.org.home.footer.sections.legal.title: a10a9bcd450087de1ce1f80b35f44883
    dogecoin\.org.home.footer.sections.legal.links.trademarks: 126a02652da6de02962cf1b654fd6376
    dogecoin\.org.home.footer.sections.legal.links.privacy: fa2ead697d9998cbc65c81384e6533d5
    dogecoin\.org.home.footer.copyright: 3a1e5e9717b2ed627b85ec0b345d4a22
    dogecoin\.org.home.footer.backToTop: 7c491b68fcdc8169f7aadfffbafaf47d
